// !$*UTF8*$!
{
	archiveVersion = 1;
	classes = {
	};
	objectVersion = 56;
	objects = {

/* Begin PBXBuildFile section */
		104355F42B4D90AA0069DDBF /* REMApp.swift in Sources */ = {isa = PBXBuildFile; fileRef = 104355F32B4D90AA0069DDBF /* REMApp.swift */; };
		104355F62B4D90AA0069DDBF /* ContentView.swift in Sources */ = {isa = PBXBuildFile; fileRef = 104355F52B4D90AA0069DDBF /* ContentView.swift */; };
		104355F82B4D90AA0069DDBF /* DreamModel.swift in Sources */ = {isa = PBXBuildFile; fileRef = 104355F72B4D90AA0069DDBF /* DreamModel.swift */; };
		104355FA2B4D90AB0069DDBF /* Assets.xcassets in Resources */ = {isa = PBXBuildFile; fileRef = 104355F92B4D90AB0069DDBF /* Assets.xcassets */; };
		104355FD2B4D90AB0069DDBF /* Preview Assets.xcassets in Resources */ = {isa = PBXBuildFile; fileRef = 104355FC2B4D90AB0069DDBF /* Preview Assets.xcassets */; };
		104356062B4D95030069DDBF /* NewDreamForm.swift in Sources */ = {isa = PBXBuildFile; fileRef = 104356052B4D95030069DDBF /* NewDreamForm.swift */; };
		104356082B4DBDB20069DDBF /* DreamView.swift in Sources */ = {isa = PBXBuildFile; fileRef = 104356072B4DBDB20069DDBF /* DreamView.swift */; };
		1043560A2B4DD28F0069DDBF /* DreamListItem.swift in Sources */ = {isa = PBXBuildFile; fileRef = 104356092B4DD28F0069DDBF /* DreamListItem.swift */; };
/* End PBXBuildFile section */

/* Begin PBXFileReference section */
		104355F02B4D90AA0069DDBF /* REM.app */ = {isa = PBXFileReference; explicitFileType = wrapper.application; includeInIndex = 0; path = REM.app; sourceTree = BUILT_PRODUCTS_DIR; };
		104355F32B4D90AA0069DDBF /* REMApp.swift */ = {isa = PBXFileReference; lastKnownFileType = sourcecode.swift; path = REMApp.swift; sourceTree = "<group>"; };
		104355F52B4D90AA0069DDBF /* ContentView.swift */ = {isa = PBXFileReference; lastKnownFileType = sourcecode.swift; path = ContentView.swift; sourceTree = "<group>"; };
		104355F72B4D90AA0069DDBF /* DreamModel.swift */ = {isa = PBXFileReference; lastKnownFileType = sourcecode.swift; path = DreamModel.swift; sourceTree = "<group>"; };
		104355F92B4D90AB0069DDBF /* Assets.xcassets */ = {isa = PBXFileReference; lastKnownFileType = folder.assetcatalog; path = Assets.xcassets; sourceTree = "<group>"; };
		104355FC2B4D90AB0069DDBF /* Preview Assets.xcassets */ = {isa = PBXFileReference; lastKnownFileType = folder.assetcatalog; path = "Preview Assets.xcassets"; sourceTree = "<group>"; };
		104355FE2B4D90AB0069DDBF /* REM.entitlements */ = {isa = PBXFileReference; lastKnownFileType = text.plist.entitlements; path = REM.entitlements; sourceTree = "<group>"; };
		104355FF2B4D90AB0069DDBF /* Info.plist */ = {isa = PBXFileReference; lastKnownFileType = text.plist.xml; path = Info.plist; sourceTree = "<group>"; };
		104356052B4D95030069DDBF /* NewDreamForm.swift */ = {isa = PBXFileReference; lastKnownFileType = sourcecode.swift; path = NewDreamForm.swift; sourceTree = "<group>"; };
		104356072B4DBDB20069DDBF /* DreamView.swift */ = {isa = PBXFileReference; lastKnownFileType = sourcecode.swift; path = DreamView.swift; sourceTree = "<group>"; };
		104356092B4DD28F0069DDBF /* DreamListItem.swift */ = {isa = PBXFileReference; lastKnownFileType = sourcecode.swift; path = DreamListItem.swift; sourceTree = "<group>"; };
/* End PBXFileReference section */

/* Begin PBXFrameworksBuildPhase section */
		104355ED2B4D90AA0069DDBF /* Frameworks */ = {
			isa = PBXFrameworksBuildPhase;
			buildActionMask = 2147483647;
			files = (
			);
			runOnlyForDeploymentPostprocessing = 0;
		};
/* End PBXFrameworksBuildPhase section */

/* Begin PBXGroup section */
		104355E72B4D90AA0069DDBF = {
			isa = PBXGroup;
			children = (
				104355F22B4D90AA0069DDBF /* REM */,
				104355F12B4D90AA0069DDBF /* Products */,
			);
			sourceTree = "<group>";
		};
		104355F12B4D90AA0069DDBF /* Products */ = {
			isa = PBXGroup;
			children = (
				104355F02B4D90AA0069DDBF /* REM.app */,
			);
			name = Products;
			sourceTree = "<group>";
		};
		104355F22B4D90AA0069DDBF /* REM */ = {
			isa = PBXGroup;
			children = (
				104355F32B4D90AA0069DDBF /* REMApp.swift */,
				104355F52B4D90AA0069DDBF /* ContentView.swift */,
				104356092B4DD28F0069DDBF /* DreamListItem.swift */,
				104356052B4D95030069DDBF /* NewDreamForm.swift */,
				104355F72B4D90AA0069DDBF /* DreamModel.swift */,
				104355F92B4D90AB0069DDBF /* Assets.xcassets */,
				104355FE2B4D90AB0069DDBF /* REM.entitlements */,
				104355FF2B4D90AB0069DDBF /* Info.plist */,
				104355FB2B4D90AB0069DDBF /* Preview Content */,
				104356072B4DBDB20069DDBF /* DreamView.swift */,
			);
			path = REM;
			sourceTree = "<group>";
		};
		104355FB2B4D90AB0069DDBF /* Preview Content */ = {
			isa = PBXGroup;
			children = (
				104355FC2B4D90AB0069DDBF /* Preview Assets.xcassets */,
			);
			path = "Preview Content";
			sourceTree = "<group>";
		};
/* End PBXGroup section */

/* Begin PBXNativeTarget section */
		104355EF2B4D90AA0069DDBF /* REM */ = {
			isa = PBXNativeTarget;
			buildConfigurationList = 104356022B4D90AB0069DDBF /* Build configuration list for PBXNativeTarget "REM" */;
			buildPhases = (
				104355EC2B4D90AA0069DDBF /* Sources */,
				104355ED2B4D90AA0069DDBF /* Frameworks */,
				104355EE2B4D90AA0069DDBF /* Resources */,
			);
			buildRules = (
			);
			dependencies = (
			);
			name = REM;
			productName = REM;
			productReference = 104355F02B4D90AA0069DDBF /* REM.app */;
			productType = "com.apple.product-type.application";
		};
/* End PBXNativeTarget section */

/* Begin PBXProject section */
		104355E82B4D90AA0069DDBF /* Project object */ = {
			isa = PBXProject;
			attributes = {
				BuildIndependentTargetsInParallel = 1;
				LastSwiftUpdateCheck = 1510;
				LastUpgradeCheck = 1510;
				TargetAttributes = {
					104355EF2B4D90AA0069DDBF = {
						CreatedOnToolsVersion = 15.1;
					};
				};
			};
			buildConfigurationList = 104355EB2B4D90AA0069DDBF /* Build configuration list for PBXProject "REM" */;
			compatibilityVersion = "Xcode 14.0";
			developmentRegion = en;
			hasScannedForEncodings = 0;
			knownRegions = (
				en,
				Base,
			);
			mainGroup = 104355E72B4D90AA0069DDBF;
			productRefGroup = 104355F12B4D90AA0069DDBF /* Products */;
			projectDirPath = "";
			projectRoot = "";
			targets = (
				104355EF2B4D90AA0069DDBF /* REM */,
			);
		};
/* End PBXProject section */

/* Begin PBXResourcesBuildPhase section */
		104355EE2B4D90AA0069DDBF /* Resources */ = {
			isa = PBXResourcesBuildPhase;
			buildActionMask = 2147483647;
			files = (
				104355FD2B4D90AB0069DDBF /* Preview Assets.xcassets in Resources */,
				104355FA2B4D90AB0069DDBF /* Assets.xcassets in Resources */,
			);
			runOnlyForDeploymentPostprocessing = 0;
		};
/* End PBXResourcesBuildPhase section */

/* Begin PBXSourcesBuildPhase section */
		104355EC2B4D90AA0069DDBF /* Sources */ = {
			isa = PBXSourcesBuildPhase;
			buildActionMask = 2147483647;
			files = (
				104356082B4DBDB20069DDBF /* DreamView.swift in Sources */,
				104356062B4D95030069DDBF /* NewDreamForm.swift in Sources */,
				1043560A2B4DD28F0069DDBF /* DreamListItem.swift in Sources */,
				104355F62B4D90AA0069DDBF /* ContentView.swift in Sources */,
				104355F82B4D90AA0069DDBF /* DreamModel.swift in Sources */,
				104355F42B4D90AA0069DDBF /* REMApp.swift in Sources */,
			);
			runOnlyForDeploymentPostprocessing = 0;
		};
/* End PBXSourcesBuildPhase section */

/* Begin XCBuildConfiguration section */
		104356002B4D90AB0069DDBF /* Debug */ = {
			isa = XCBuildConfiguration;
			buildSettings = {
				ALWAYS_SEARCH_USER_PATHS = NO;
				ASSETCATALOG_COMPILER_APPICON_NAME = "AppIcon 1";
				ASSETCATALOG_COMPILER_GENERATE_SWIFT_ASSET_SYMBOL_EXTENSIONS = YES;
				ASSETCATALOG_COMPILER_INCLUDE_ALL_APPICON_ASSETS = YES;
				CLANG_ANALYZER_NONNULL = YES;
				CLANG_ANALYZER_NUMBER_OBJECT_CONVERSION = YES_AGGRESSIVE;
				CLANG_CXX_LANGUAGE_STANDARD = "gnu++20";
				CLANG_ENABLE_MODULES = YES;
				CLANG_ENABLE_OBJC_ARC = YES;
				CLANG_ENABLE_OBJC_WEAK = YES;
				CLANG_WARN_BLOCK_CAPTURE_AUTORELEASING = YES;
				CLANG_WARN_BOOL_CONVERSION = YES;
				CLANG_WARN_COMMA = YES;
				CLANG_WARN_CONSTANT_CONVERSION = YES;
				CLANG_WARN_DEPRECATED_OBJC_IMPLEMENTATIONS = YES;
				CLANG_WARN_DIRECT_OBJC_ISA_USAGE = YES_ERROR;
				CLANG_WARN_DOCUMENTATION_COMMENTS = YES;
				CLANG_WARN_EMPTY_BODY = YES;
				CLANG_WARN_ENUM_CONVERSION = YES;
				CLANG_WARN_INFINITE_RECURSION = YES;
				CLANG_WARN_INT_CONVERSION = YES;
				CLANG_WARN_NON_LITERAL_NULL_CONVERSION = YES;
				CLANG_WARN_OBJC_IMPLICIT_RETAIN_SELF = YES;
				CLANG_WARN_OBJC_LITERAL_CONVERSION = YES;
				CLANG_WARN_OBJC_ROOT_CLASS = YES_ERROR;
				CLANG_WARN_QUOTED_INCLUDE_IN_FRAMEWORK_HEADER = YES;
				CLANG_WARN_RANGE_LOOP_ANALYSIS = YES;
				CLANG_WARN_STRICT_PROTOTYPES = YES;
				CLANG_WARN_SUSPICIOUS_MOVE = YES;
				CLANG_WARN_UNGUARDED_AVAILABILITY = YES_AGGRESSIVE;
				CLANG_WARN_UNREACHABLE_CODE = YES;
				CLANG_WARN__DUPLICATE_METHOD_MATCH = YES;
				COPY_PHASE_STRIP = NO;
				DEBUG_INFORMATION_FORMAT = dwarf;
				ENABLE_STRICT_OBJC_MSGSEND = YES;
				ENABLE_TESTABILITY = YES;
				ENABLE_USER_SCRIPT_SANDBOXING = YES;
				GCC_C_LANGUAGE_STANDARD = gnu17;
				GCC_DYNAMIC_NO_PIC = NO;
				GCC_NO_COMMON_BLOCKS = YES;
				GCC_OPTIMIZATION_LEVEL = 0;
				GCC_PREPROCESSOR_DEFINITIONS = (
					"DEBUG=1",
					"$(inherited)",
				);
				GCC_WARN_64_TO_32_BIT_CONVERSION = YES;
				GCC_WARN_ABOUT_RETURN_TYPE = YES_ERROR;
				GCC_WARN_UNDECLARED_SELECTOR = YES;
				GCC_WARN_UNINITIALIZED_AUTOS = YES_AGGRESSIVE;
				GCC_WARN_UNUSED_FUNCTION = YES;
				GCC_WARN_UNUSED_VARIABLE = YES;
				IPHONEOS_DEPLOYMENT_TARGET = 17.2;
				LOCALIZATION_PREFERS_STRING_CATALOGS = YES;
				MTL_ENABLE_DEBUG_INFO = INCLUDE_SOURCE;
				MTL_FAST_MATH = YES;
				ONLY_ACTIVE_ARCH = YES;
				SDKROOT = iphoneos;
				SWIFT_ACTIVE_COMPILATION_CONDITIONS = "DEBUG $(inherited)";
				SWIFT_OPTIMIZATION_LEVEL = "-Onone";
			};
			name = Debug;
		};
		104356012B4D90AB0069DDBF /* Release */ = {
			isa = XCBuildConfiguration;
			buildSettings = {
				ALWAYS_SEARCH_USER_PATHS = NO;
				ASSETCATALOG_COMPILER_APPICON_NAME = "AppIcon 1";
				ASSETCATALOG_COMPILER_GENERATE_SWIFT_ASSET_SYMBOL_EXTENSIONS = YES;
				ASSETCATALOG_COMPILER_INCLUDE_ALL_APPICON_ASSETS = YES;
				CLANG_ANALYZER_NONNULL = YES;
				CLANG_ANALYZER_NUMBER_OBJECT_CONVERSION = YES_AGGRESSIVE;
				CLANG_CXX_LANGUAGE_STANDARD = "gnu++20";
				CLANG_ENABLE_MODULES = YES;
				CLANG_ENABLE_OBJC_ARC = YES;
				CLANG_ENABLE_OBJC_WEAK = YES;
				CLANG_WARN_BLOCK_CAPTURE_AUTORELEASING = YES;
				CLANG_WARN_BOOL_CONVERSION = YES;
				CLANG_WARN_COMMA = YES;
				CLANG_WARN_CONSTANT_CONVERSION = YES;
				CLANG_WARN_DEPRECATED_OBJC_IMPLEMENTATIONS = YES;
				CLANG_WARN_DIRECT_OBJC_ISA_USAGE = YES_ERROR;
				CLANG_WARN_DOCUMENTATION_COMMENTS = YES;
				CLANG_WARN_EMPTY_BODY = YES;
				CLANG_WARN_ENUM_CONVERSION = YES;
				CLANG_WARN_INFINITE_RECURSION = YES;
				CLANG_WARN_INT_CONVERSION = YES;
				CLANG_WARN_NON_LITERAL_NULL_CONVERSION = YES;
				CLANG_WARN_OBJC_IMPLICIT_RETAIN_SELF = YES;
				CLANG_WARN_OBJC_LITERAL_CONVERSION = YES;
				CLANG_WARN_OBJC_ROOT_CLASS = YES_ERROR;
				CLANG_WARN_QUOTED_INCLUDE_IN_FRAMEWORK_HEADER = YES;
				CLANG_WARN_RANGE_LOOP_ANALYSIS = YES;
				CLANG_WARN_STRICT_PROTOTYPES = YES;
				CLANG_WARN_SUSPICIOUS_MOVE = YES;
				CLANG_WARN_UNGUARDED_AVAILABILITY = YES_AGGRESSIVE;
				CLANG_WARN_UNREACHABLE_CODE = YES;
				CLANG_WARN__DUPLICATE_METHOD_MATCH = YES;
				COPY_PHASE_STRIP = NO;
				DEBUG_INFORMATION_FORMAT = "dwarf-with-dsym";
				ENABLE_NS_ASSERTIONS = NO;
				ENABLE_STRICT_OBJC_MSGSEND = YES;
				ENABLE_USER_SCRIPT_SANDBOXING = YES;
				GCC_C_LANGUAGE_STANDARD = gnu17;
				GCC_NO_COMMON_BLOCKS = YES;
				GCC_WARN_64_TO_32_BIT_CONVERSION = YES;
				GCC_WARN_ABOUT_RETURN_TYPE = YES_ERROR;
				GCC_WARN_UNDECLARED_SELECTOR = YES;
				GCC_WARN_UNINITIALIZED_AUTOS = YES_AGGRESSIVE;
				GCC_WARN_UNUSED_FUNCTION = YES;
				GCC_WARN_UNUSED_VARIABLE = YES;
				IPHONEOS_DEPLOYMENT_TARGET = 17.2;
				LOCALIZATION_PREFERS_STRING_CATALOGS = YES;
				MTL_ENABLE_DEBUG_INFO = NO;
				MTL_FAST_MATH = YES;
				SDKROOT = iphoneos;
				SWIFT_COMPILATION_MODE = wholemodule;
				VALIDATE_PRODUCT = YES;
			};
			name = Release;
		};
		104356032B4D90AB0069DDBF /* Debug */ = {
			isa = XCBuildConfiguration;
			buildSettings = {
				ASSETCATALOG_COMPILER_APPICON_NAME = AppIcon;
				ASSETCATALOG_COMPILER_GLOBAL_ACCENT_COLOR_NAME = AccentColor;
				CODE_SIGN_ENTITLEMENTS = REM/REM.entitlements;
				CODE_SIGN_STYLE = Automatic;
				CURRENT_PROJECT_VERSION = 1;
				DEVELOPMENT_ASSET_PATHS = "\"REM/Preview Content\"";
				DEVELOPMENT_TEAM = 9DSQP27839;
				ENABLE_PREVIEWS = YES;
				GENERATE_INFOPLIST_FILE = YES;
				INFOPLIST_FILE = REM/Info.plist;
				INFOPLIST_KEY_LSApplicationCategoryType = "public.app-category.lifestyle";
				INFOPLIST_KEY_UIApplicationSceneManifest_Generation = YES;
				INFOPLIST_KEY_UIApplicationSupportsIndirectInputEvents = YES;
				INFOPLIST_KEY_UILaunchScreen_Generation = YES;
				INFOPLIST_KEY_UISupportedInterfaceOrientations_iPad = "UIInterfaceOrientationPortrait UIInterfaceOrientationPortraitUpsideDown UIInterfaceOrientationLandscapeLeft UIInterfaceOrientationLandscapeRight";
				INFOPLIST_KEY_UISupportedInterfaceOrientations_iPhone = "UIInterfaceOrientationPortrait UIInterfaceOrientationLandscapeLeft UIInterfaceOrientationLandscapeRight";
				LD_RUNPATH_SEARCH_PATHS = (
					"$(inherited)",
					"@executable_path/Frameworks",
				);
				MARKETING_VERSION = 1.0;
				PRODUCT_BUNDLE_IDENTIFIER = sethco.dreamscape;
				PRODUCT_NAME = "$(TARGET_NAME)";
				SWIFT_EMIT_LOC_STRINGS = YES;
				SWIFT_VERSION = 5.0;
				TARGETED_DEVICE_FAMILY = "1,2";
			};
			name = Debug;
		};
		104356042B4D90AB0069DDBF /* Release */ = {
			isa = XCBuildConfiguration;
			buildSettings = {
				ASSETCATALOG_COMPILER_APPICON_NAME = AppIcon;
				ASSETCATALOG_COMPILER_GLOBAL_ACCENT_COLOR_NAME = AccentColor;
				CODE_SIGN_ENTITLEMENTS = REM/REM.entitlements;
				CODE_SIGN_STYLE = Automatic;
				CURRENT_PROJECT_VERSION = 1;
				DEVELOPMENT_ASSET_PATHS = "\"REM/Preview Content\"";
				DEVELOPMENT_TEAM = 9DSQP27839;
				ENABLE_PREVIEWS = YES;
				GENERATE_INFOPLIST_FILE = YES;
				INFOPLIST_FILE = REM/Info.plist;
				INFOPLIST_KEY_LSApplicationCategoryType = "public.app-category.lifestyle";
				INFOPLIST_KEY_UIApplicationSceneManifest_Generation = YES;
				INFOPLIST_KEY_UIApplicationSupportsIndirectInputEvents = YES;
				INFOPLIST_KEY_UILaunchScreen_Generation = YES;
				INFOPLIST_KEY_UISupportedInterfaceOrientations_iPad = "UIInterfaceOrientationPortrait UIInterfaceOrientationPortraitUpsideDown UIInterfaceOrientationLandscapeLeft UIInterfaceOrientationLandscapeRight";
				INFOPLIST_KEY_UISupportedInterfaceOrientations_iPhone = "UIInterfaceOrientationPortrait UIInterfaceOrientationLandscapeLeft UIInterfaceOrientationLandscapeRight";
				LD_RUNPATH_SEARCH_PATHS = (
					"$(inherited)",
					"@executable_path/Frameworks",
				);
				MARKETING_VERSION = 1.0;
				PRODUCT_BUNDLE_IDENTIFIER = sethco.dreamscape;
				PRODUCT_NAME = "$(TARGET_NAME)";
				SWIFT_EMIT_LOC_STRINGS = YES;
				SWIFT_VERSION = 5.0;
				TARGETED_DEVICE_FAMILY = "1,2";
			};
			name = Release;
		};
/* End XCBuildConfiguration section */

/* Begin XCConfigurationList section */
		104355EB2B4D90AA0069DDBF /* Build configuration list for PBXProject "REM" */ = {
			isa = XCConfigurationList;
			buildConfigurations = (
				104356002B4D90AB0069DDBF /* Debug */,
				104356012B4D90AB0069DDBF /* Release */,
			);
			defaultConfigurationIsVisible = 0;
			defaultConfigurationName = Release;
		};
		104356022B4D90AB0069DDBF /* Build configuration list for PBXNativeTarget "REM" */ = {
			isa = XCConfigurationList;
			buildConfigurations = (
				104356032B4D90AB0069DDBF /* Debug */,
				104356042B4D90AB0069DDBF /* Release */,
			);
			defaultConfigurationIsVisible = 0;
			defaultConfigurationName = Release;
		};
/* End XCConfigurationList section */
	};
	rootObject = 104355E82B4D90AA0069DDBF /* Project object */;
}
